
Microsoft Visual Studio Solution File, Format Version 12.00
# Visual Studio Version 16
VisualStudioVersion = 16.0.28809.33
MinimumVisualStudioVersion = 10.0.40219.1
Project("{FAE04EC0-301F-11D3-BF4B-00C04F79EFBC}") = "LoginAdrian", "LoginAdrian\LoginAdrian.csproj", "{A8554E2A-4AA7-43CA-90B7-ED571563C54E}"
EndProject
Global
	GlobalSection(SolutionConfigurationPlatforms) = preSolution
		Debug|Any CPU = Debug|Any CPU
		Release|Any CPU = Release|Any CPU
	EndGlobalSection
	GlobalSection(ProjectConfigurationPlatforms) = postSolution
		{A8554E2A-4AA7-43CA-90B7-ED571563C54E}.Debug|Any CPU.ActiveCfg = Debug|Any CPU
		{A8554E2A-4AA7-43CA-90B7-ED571563C54E}.Debug|Any CPU.Build.0 = Debug|Any CPU
		{A8554E2A-4AA7-43CA-90B7-ED571563C54E}.Release|Any CPU.ActiveCfg = Release|Any CPU
		{A8554E2A-4AA7-43CA-90B7-ED571563C54E}.Release|Any CPU.Build.0 = Release|Any CPU
	EndGlobalSection
	GlobalSection(SolutionProperties) = preSolution
		HideSolutionNode = FALSE
	EndGlobalSection
	GlobalSection(ExtensibilityGlobals) = postSolution
		SolutionGuid = {2FA1A0FF-478E-400D-97E0-5E6D2CEF4257}
	EndGlobalSection
EndGlobal
